
Microsoft Visual Studio Solution File, Format Version 12.00
# Visual Studio Version 16
VisualStudioVersion = 16.0.30114.105
MinimumVisualStudioVersion = 10.0.40219.1
Project("{FAE04EC0-301F-11D3-BF4B-00C04F79EFBC}") = "HelloCSharpVSCode", "HelloCSharpVSCode\HelloCSharpVSCode.csproj", "{0D00C92D-CED9-4F10-A668-D85E36307B31}"
EndProject
Global
	GlobalSection(SolutionConfigurationPlatforms) = preSolution
		Debug|Any CPU = Debug|Any CPU
		Release|Any CPU = Release|Any CPU
	EndGlobalSection
	GlobalSection(SolutionProperties) = preSolution
		HideSolutionNode = FALSE
	EndGlobalSection
	GlobalSection(ProjectConfigurationPlatforms) = postSolution
		{0D00C92D-CED9-4F10-A668-D85E36307B31}.Debug|Any CPU.ActiveCfg = Debug|Any CPU
		{0D00C92D-CED9-4F10-A668-D85E36307B31}.Debug|Any CPU.Build.0 = Debug|Any CPU
		{0D00C92D-CED9-4F10-A668-D85E36307B31}.Release|Any CPU.ActiveCfg = Release|Any CPU
		{0D00C92D-CED9-4F10-A668-D85E36307B31}.Release|Any CPU.Build.0 = Release|Any CPU
	EndGlobalSection
EndGlobal
